
Microsoft Visual Studio Solution File, Format Version 12.00
# Visual Studio Version 17
VisualStudioVersion = 17.7.34031.279
MinimumVisualStudioVersion = 10.0.40219.1
Project("{FAE04EC0-301F-11D3-BF4B-00C04F79EFBC}") = "FP", "FP\FP.csproj", "{5BB8ACE4-9F6B-499A-9298-247D184F37D9}"
EndProject
Global
	GlobalSection(SolutionConfigurationPlatforms) = preSolution
		Debug|Any CPU = Debug|Any CPU
		Release|Any CPU = Release|Any CPU
	EndGlobalSection
	GlobalSection(ProjectConfigurationPlatforms) = postSolution
		{5BB8ACE4-9F6B-499A-9298-247D184F37D9}.Debug|Any CPU.ActiveCfg = Debug|Any CPU
		{5BB8ACE4-9F6B-499A-9298-247D184F37D9}.Debug|Any CPU.Build.0 = Debug|Any CPU
		{5BB8ACE4-9F6B-499A-9298-247D184F37D9}.Release|Any CPU.ActiveCfg = Release|Any CPU
		{5BB8ACE4-9F6B-499A-9298-247D184F37D9}.Release|Any CPU.Build.0 = Release|Any CPU
	EndGlobalSection
	GlobalSection(SolutionProperties) = preSolution
		HideSolutionNode = FALSE
	EndGlobalSection
	GlobalSection(ExtensibilityGlobals) = postSolution
		SolutionGuid = {7A1FE740-65D0-44ED-8D6F-D1210983D6FF}
	EndGlobalSection
EndGlobal
